
Microsoft Visual Studio Solution File, Format Version 12.00
# Visual Studio Version 17
VisualStudioVersion = 17.2.32630.192
MinimumVisualStudioVersion = 10.0.40219.1
Project("{FAE04EC0-301F-11D3-BF4B-00C04F79EFBC}") = "BenBailey_InventorySystem", "BenBailey_InventorySystem\BenBailey_InventorySystem.csproj", "{452A6177-3B2B-47E4-91F5-FD1116C39CF8}"
EndProject
Global
	GlobalSection(SolutionConfigurationPlatforms) = preSolution
		Debug|Any CPU = Debug|Any CPU
		Release|Any CPU = Release|Any CPU
	EndGlobalSection
	GlobalSection(ProjectConfigurationPlatforms) = postSolution
		{452A6177-3B2B-47E4-91F5-FD1116C39CF8}.Debug|Any CPU.ActiveCfg = Debug|Any CPU
		{452A6177-3B2B-47E4-91F5-FD1116C39CF8}.Debug|Any CPU.Build.0 = Debug|Any CPU
		{452A6177-3B2B-47E4-91F5-FD1116C39CF8}.Release|Any CPU.ActiveCfg = Release|Any CPU
		{452A6177-3B2B-47E4-91F5-FD1116C39CF8}.Release|Any CPU.Build.0 = Release|Any CPU
	EndGlobalSection
	GlobalSection(SolutionProperties) = preSolution
		HideSolutionNode = FALSE
	EndGlobalSection
	GlobalSection(ExtensibilityGlobals) = postSolution
		SolutionGuid = {5C35BA6F-E89F-438B-BB9A-ACD799187B78}
	EndGlobalSection
EndGlobal
